
Microsoft Visual Studio Solution File, Format Version 12.00
# Visual Studio 15
VisualStudioVersion = 15.0.28307.960
MinimumVisualStudioVersion = 10.0.40219.1
Project("{FAE04EC0-301F-11D3-BF4B-00C04F79EFBC}") = "InsertAerial", "InsertAerial\InsertAerial.csproj", "{B880B940-B65E-416A-ACCE-3111D6DA7C97}"
EndProject
Project("{FAE04EC0-301F-11D3-BF4B-00C04F79EFBC}") = "ACADAerialPlugin", "ACADAerialPlugin\ACADAerialPlugin.csproj", "{CC408207-A647-4E96-82F7-ABF28C34DE56}"
EndProject
Project("{FAE04EC0-301F-11D3-BF4B-00C04F79EFBC}") = "Common", "Common\Common.csproj", "{F053AD28-2FCF-41CA-983C-7DC8055D726B}"
EndProject
Project("{54435603-DBB4-11D2-8724-00A0C9A8B90C}") = "Installer", "Installer\Installer.vdproj", "{7E9BB962-5151-4BFA-9F2B-4CFD61FAEFF9}"
EndProject
Global
	GlobalSection(SolutionConfigurationPlatforms) = preSolution
		Debug|Any CPU = Debug|Any CPU
		Release|Any CPU = Release|Any CPU
	EndGlobalSection
	GlobalSection(ProjectConfigurationPlatforms) = postSolution
		{B880B940-B65E-416A-ACCE-3111D6DA7C97}.Debug|Any CPU.ActiveCfg = Debug|Any CPU
		{B880B940-B65E-416A-ACCE-3111D6DA7C97}.Debug|Any CPU.Build.0 = Debug|Any CPU
		{B880B940-B65E-416A-ACCE-3111D6DA7C97}.Release|Any CPU.ActiveCfg = Release|Any CPU
		{B880B940-B65E-416A-ACCE-3111D6DA7C97}.Release|Any CPU.Build.0 = Release|Any CPU
		{CC408207-A647-4E96-82F7-ABF28C34DE56}.Debug|Any CPU.ActiveCfg = Debug|Any CPU
		{CC408207-A647-4E96-82F7-ABF28C34DE56}.Debug|Any CPU.Build.0 = Debug|Any CPU
		{CC408207-A647-4E96-82F7-ABF28C34DE56}.Release|Any CPU.ActiveCfg = Release|Any CPU
		{CC408207-A647-4E96-82F7-ABF28C34DE56}.Release|Any CPU.Build.0 = Release|Any CPU
		{F053AD28-2FCF-41CA-983C-7DC8055D726B}.Debug|Any CPU.ActiveCfg = Debug|Any CPU
		{F053AD28-2FCF-41CA-983C-7DC8055D726B}.Debug|Any CPU.Build.0 = Debug|Any CPU
		{F053AD28-2FCF-41CA-983C-7DC8055D726B}.Release|Any CPU.ActiveCfg = Release|Any CPU
		{F053AD28-2FCF-41CA-983C-7DC8055D726B}.Release|Any CPU.Build.0 = Release|Any CPU
		{7E9BB962-5151-4BFA-9F2B-4CFD61FAEFF9}.Debug|Any CPU.ActiveCfg = Debug
		{7E9BB962-5151-4BFA-9F2B-4CFD61FAEFF9}.Release|Any CPU.ActiveCfg = Release
	EndGlobalSection
	GlobalSection(SolutionProperties) = preSolution
		HideSolutionNode = FALSE
	EndGlobalSection
	GlobalSection(ExtensibilityGlobals) = postSolution
		SolutionGuid = {0B4C37A0-CAE2-45C2-8D3F-E12E1EB60F03}
	EndGlobalSection
EndGlobal
